
Microsoft Visual Studio Solution File, Format Version 12.00
# Visual Studio Version 17
VisualStudioVersion = 17.11.35327.3
MinimumVisualStudioVersion = 10.0.40219.1
Project("{FAE04EC0-301F-11D3-BF4B-00C04F79EFBC}") = "PayrollSystem", "PayrollSystem\PayrollSystem.csproj", "{CA17E7CF-5C11-4591-9055-3746949DFFF7}"
EndProject
Global
	GlobalSection(SolutionConfigurationPlatforms) = preSolution
		Debug|Any CPU = Debug|Any CPU
		Release|Any CPU = Release|Any CPU
	EndGlobalSection
	GlobalSection(ProjectConfigurationPlatforms) = postSolution
		{CA17E7CF-5C11-4591-9055-3746949DFFF7}.Debug|Any CPU.ActiveCfg = Debug|Any CPU
		{CA17E7CF-5C11-4591-9055-3746949DFFF7}.Debug|Any CPU.Build.0 = Debug|Any CPU
		{CA17E7CF-5C11-4591-9055-3746949DFFF7}.Release|Any CPU.ActiveCfg = Release|Any CPU
		{CA17E7CF-5C11-4591-9055-3746949DFFF7}.Release|Any CPU.Build.0 = Release|Any CPU
	EndGlobalSection
	GlobalSection(SolutionProperties) = preSolution
		HideSolutionNode = FALSE
	EndGlobalSection
	GlobalSection(ExtensibilityGlobals) = postSolution
		SolutionGuid = {02347615-6A88-42CF-98C1-F8EF6CBDDDB3}
	EndGlobalSection
EndGlobal
